schema: '2.0'
stages:
  data_ingestion:
    cmd: python src/data_ingestion.py
    deps:
    - path: src/data_ingestion.py
      hash: md5
      md5: 27f361494e209a920b4dc32a89a4f158
      size: 2902
    outs:
    - path: data/ingestion
      hash: md5
      md5: c4f587cc26e3330fad481596303326cd.dir
      size: 1304448
      nfiles: 1
  data_preprocessing:
    cmd: python src/data_preprocessing.py
    deps:
    - path: data/ingestion
      hash: md5
      md5: c4f587cc26e3330fad481596303326cd.dir
      size: 1304448
      nfiles: 1
    - path: src/data_preprocessing.py
      hash: md5
      md5: 8589e2610cc3ec6b49ea0dec30ed5861
      size: 3199
    outs:
    - path: data/preprocessed
      hash: md5
      md5: 57448b2dbd57982ecc8c4605594f8c16.dir
      size: 941148
      nfiles: 1
  data_modeling:
    cmd: python src/data_modeling.py
    deps:
    - path: data/preprocessed
      hash: md5
      md5: 57448b2dbd57982ecc8c4605594f8c16.dir
      size: 941148
      nfiles: 1
    - path: src/data_modeling.py
      hash: md5
      md5: e8f0c71e3fb97aa36e097fcb390b471f
      size: 4547
    params:
      params.yaml:
        data_modeling.learning_rate: 1
        data_modeling.n_estimators: 900
        data_modeling.random_state: 12
        data_modeling.test_size: 0.2
    outs:
    - path: data/test
      hash: md5
      md5: 17c7c25c49b4b9bcfebe46b555d6702b.dir
      size: 191619
      nfiles: 2
    - path: models/model.pkl
      hash: md5
      md5: d389f59f18dd75e63a6f737df66b7b92
      size: 4022307
  model_evaluation:
    cmd: python src/model_evaluation.py
    deps:
    - path: data/test
      hash: md5
      md5: 17c7c25c49b4b9bcfebe46b555d6702b.dir
      size: 191619
      nfiles: 2
    - path: models/model.pkl
      hash: md5
      md5: d389f59f18dd75e63a6f737df66b7b92
      size: 4022307
    - path: src/model_evaluation.py
      hash: md5
      md5: 5a5d39690892ba4cac5f2e7ca2c90169
      size: 3333
    outs:
    - path: reports/metrics.json
      hash: md5
      md5: cb2343c56fd4ceab740f4184230c29a8
      size: 115
